
Microsoft Visual Studio Solution File, Format Version 12.00
# Visual Studio Version 16
VisualStudioVersion = 16.0.28729.10
MinimumVisualStudioVersion = 10.0.40219.1
Project("{FAE04EC0-301F-11D3-BF4B-00C04F79EFBC}") = "Code2Profile", "Code2Profile\Code2Profile.csproj", "{89DD9E19-46C2-4C95-ADB4-4319076F9F9C}"
EndProject
Project("{FAE04EC0-301F-11D3-BF4B-00C04F79EFBC}") = "Examples", "Examples\Examples.csproj", "{4C146DB2-29F6-4A0D-81A8-BEA9CD0016D3}"
EndProject
Global
	GlobalSection(SolutionConfigurationPlatforms) = preSolution
		Debug|Any CPU = Debug|Any CPU
		Release|Any CPU = Release|Any CPU
	EndGlobalSection
	GlobalSection(ProjectConfigurationPlatforms) = postSolution
		{89DD9E19-46C2-4C95-ADB4-4319076F9F9C}.Debug|Any CPU.ActiveCfg = Debug|Any CPU
		{89DD9E19-46C2-4C95-ADB4-4319076F9F9C}.Debug|Any CPU.Build.0 = Debug|Any CPU
		{89DD9E19-46C2-4C95-ADB4-4319076F9F9C}.Release|Any CPU.ActiveCfg = Release|Any CPU
		{89DD9E19-46C2-4C95-ADB4-4319076F9F9C}.Release|Any CPU.Build.0 = Release|Any CPU
		{4C146DB2-29F6-4A0D-81A8-BEA9CD0016D3}.Debug|Any CPU.ActiveCfg = Debug|Any CPU
		{4C146DB2-29F6-4A0D-81A8-BEA9CD0016D3}.Debug|Any CPU.Build.0 = Debug|Any CPU
		{4C146DB2-29F6-4A0D-81A8-BEA9CD0016D3}.Release|Any CPU.ActiveCfg = Release|Any CPU
		{4C146DB2-29F6-4A0D-81A8-BEA9CD0016D3}.Release|Any CPU.Build.0 = Release|Any CPU
	EndGlobalSection
	GlobalSection(SolutionProperties) = preSolution
		HideSolutionNode = FALSE
	EndGlobalSection
	GlobalSection(ExtensibilityGlobals) = postSolution
		SolutionGuid = {35DAA8C3-F00B-4A42-965D-479CD6342CF5}
	EndGlobalSection
EndGlobal
